
Microsoft Visual Studio Solution File, Format Version 12.00
# Visual Studio Version 17
VisualStudioVersion = 17.5.33516.290
MinimumVisualStudioVersion = 10.0.40219.1
Project("{9A19103F-16F7-4668-BE54-9A1E7A4F7556}") = "SAUCEDEMOUITASK", "LGUITASK\SAUCEDEMOUITASK.csproj", "{CADC6A41-F393-4F80-8614-9D67F9812C8F}"
EndProject
Global
	GlobalSection(SolutionConfigurationPlatforms) = preSolution
		Debug|Any CPU = Debug|Any CPU
		Release|Any CPU = Release|Any CPU
	EndGlobalSection
	GlobalSection(ProjectConfigurationPlatforms) = postSolution
		{CADC6A41-F393-4F80-8614-9D67F9812C8F}.Debug|Any CPU.ActiveCfg = Debug|Any CPU
		{CADC6A41-F393-4F80-8614-9D67F9812C8F}.Debug|Any CPU.Build.0 = Debug|Any CPU
		{CADC6A41-F393-4F80-8614-9D67F9812C8F}.Release|Any CPU.ActiveCfg = Release|Any CPU
		{CADC6A41-F393-4F80-8614-9D67F9812C8F}.Release|Any CPU.Build.0 = Release|Any CPU
	EndGlobalSection
	GlobalSection(SolutionProperties) = preSolution
		HideSolutionNode = FALSE
	EndGlobalSection
	GlobalSection(ExtensibilityGlobals) = postSolution
		SolutionGuid = {B582417B-B66F-4E7B-BAC4-8D041FB9C8AF}
	EndGlobalSection
EndGlobal
